{
  "name": "testspear.github.io",
  "lockfileVersion": 3,
  "requires": true,
  "packages": {
    "": {
      "dependencies": {
        "csv-reader": "^1.0.12",
        "dotenv": "^16.3.1",
        "emailjs": "^4.0.3",
        "nodemailer": "^6.9.5"
      }
    },
    "node_modules/csv-reader": {
      "version": "1.0.12",
      "resolved": "https://registry.npmjs.org/csv-reader/-/csv-reader-1.0.12.tgz",
      "integrity": "sha512-0AAgazKJUywtjvZbclNuovIiQY/WyvojWw15Y2k3kPixE+pDiOFnfg5FcH3CfDqqnrB2f3p5oPAc446EXD01Tw==",
      "engines": {
        "node": ">=8.0.0"
      }
    },
    "node_modules/dotenv": {
      "version": "16.3.1",
      "resolved": "https://registry.npmjs.org/dotenv/-/dotenv-16.3.1.tgz",
      "integrity": "sha512-IPzF4w4/Rd94bA9imS68tZBaYyBWSCE47V1RGuMrB94iyTOIEwRmVL2x/4An+6mETpLrKJ5hQkB8W4kFAadeIQ==",
      "engines": {
        "node": ">=12"
      },
      "funding": {
        "url": "https://github.com/motdotla/dotenv?sponsor=1"
      }
    },
    "node_modules/emailjs": {
      "version": "4.0.3",
      "resolved": "https://registry.npmjs.org/emailjs/-/emailjs-4.0.3.tgz",
      "integrity": "sha512-1CDXoE3FxkSg7QRTlLsDCYG9elFNu/JQsYWu3Xfrk77ubbg5zYgFGg+JRUKQJ56mceM8o3rHHX0VB4wo9XsyLQ==",
      "engines": {
        "node": ">=12"
      },
      "peerDependencies": {
        "typescript": ">=4.3.5"
      },
      "peerDependenciesMeta": {
        "typescript": {
          "optional": true
        }
      }
    },
    "node_modules/nodemailer": {
      "version": "6.9.5",
      "resolved": "https://registry.npmjs.org/nodemailer/-/nodemailer-6.9.5.tgz",
      "integrity": "sha512-/dmdWo62XjumuLc5+AYQZeiRj+PRR8y8qKtFCOyuOl1k/hckZd8durUUHs/ucKx6/8kN+wFxqKJlQ/LK/qR5FA==",
      "engines": {
        "node": ">=6.0.0"
      }
    }
  }
}
